
Microsoft Visual Studio Solution File, Format Version 12.00
# Visual Studio Version 17
VisualStudioVersion = 17.9.34616.47
MinimumVisualStudioVersion = 10.0.40219.1
Project("{FAE04EC0-301F-11D3-BF4B-00C04F79EFBC}") = "U22552792_INF354_HW03_Backend", "U22552792_INF354_HW03_Backend\U22552792_INF354_HW03_Backend.csproj", "{BEF55144-A23A-4B6F-9417-0386FB638DCF}"
EndProject
Global
	GlobalSection(SolutionConfigurationPlatforms) = preSolution
		Debug|Any CPU = Debug|Any CPU
		Release|Any CPU = Release|Any CPU
	EndGlobalSection
	GlobalSection(ProjectConfigurationPlatforms) = postSolution
		{BEF55144-A23A-4B6F-9417-0386FB638DCF}.Debug|Any CPU.ActiveCfg = Debug|Any CPU
		{BEF55144-A23A-4B6F-9417-0386FB638DCF}.Debug|Any CPU.Build.0 = Debug|Any CPU
		{BEF55144-A23A-4B6F-9417-0386FB638DCF}.Release|Any CPU.ActiveCfg = Release|Any CPU
		{BEF55144-A23A-4B6F-9417-0386FB638DCF}.Release|Any CPU.Build.0 = Release|Any CPU
	EndGlobalSection
	GlobalSection(SolutionProperties) = preSolution
		HideSolutionNode = FALSE
	EndGlobalSection
	GlobalSection(ExtensibilityGlobals) = postSolution
		SolutionGuid = {00C5C201-0116-4162-A5A6-4B12314152D1}
	EndGlobalSection
EndGlobal
